
Microsoft Visual Studio Solution File, Format Version 12.00
# Visual Studio Version 16
VisualStudioVersion = 16.0.31727.386
MinimumVisualStudioVersion = 10.0.40219.1
Project("{FAE04EC0-301F-11D3-BF4B-00C04F79EFBC}") = "Problem8-ProjectEuler", "Problem8-ProjectEuler\Problem8-ProjectEuler.csproj", "{CC4F4848-6ED1-4CCD-A644-8EDDEF486CEB}"
EndProject
Global
	GlobalSection(SolutionConfigurationPlatforms) = preSolution
		Debug|Any CPU = Debug|Any CPU
		Release|Any CPU = Release|Any CPU
	EndGlobalSection
	GlobalSection(ProjectConfigurationPlatforms) = postSolution
		{CC4F4848-6ED1-4CCD-A644-8EDDEF486CEB}.Debug|Any CPU.ActiveCfg = Debug|Any CPU
		{CC4F4848-6ED1-4CCD-A644-8EDDEF486CEB}.Debug|Any CPU.Build.0 = Debug|Any CPU
		{CC4F4848-6ED1-4CCD-A644-8EDDEF486CEB}.Release|Any CPU.ActiveCfg = Release|Any CPU
		{CC4F4848-6ED1-4CCD-A644-8EDDEF486CEB}.Release|Any CPU.Build.0 = Release|Any CPU
	EndGlobalSection
	GlobalSection(SolutionProperties) = preSolution
		HideSolutionNode = FALSE
	EndGlobalSection
	GlobalSection(ExtensibilityGlobals) = postSolution
		SolutionGuid = {24F55FB9-124B-4960-A665-03FEC293E961}
	EndGlobalSection
EndGlobal
